
Microsoft Visual Studio Solution File, Format Version 12.00
# Visual Studio Version 17
VisualStudioVersion = 17.5.33424.131
MinimumVisualStudioVersion = 10.0.40219.1
Project("{FAE04EC0-301F-11D3-BF4B-00C04F79EFBC}") = "RetornarString", "RetornarString\RetornarString.csproj", "{FAC3A10D-5E06-4D87-8BE9-F44EC504B035}"
EndProject
Global
	GlobalSection(SolutionConfigurationPlatforms) = preSolution
		Debug|Any CPU = Debug|Any CPU
		Release|Any CPU = Release|Any CPU
	EndGlobalSection
	GlobalSection(ProjectConfigurationPlatforms) = postSolution
		{FAC3A10D-5E06-4D87-8BE9-F44EC504B035}.Debug|Any CPU.ActiveCfg = Debug|Any CPU
		{FAC3A10D-5E06-4D87-8BE9-F44EC504B035}.Debug|Any CPU.Build.0 = Debug|Any CPU
		{FAC3A10D-5E06-4D87-8BE9-F44EC504B035}.Release|Any CPU.ActiveCfg = Release|Any CPU
		{FAC3A10D-5E06-4D87-8BE9-F44EC504B035}.Release|Any CPU.Build.0 = Release|Any CPU
	EndGlobalSection
	GlobalSection(SolutionProperties) = preSolution
		HideSolutionNode = FALSE
	EndGlobalSection
	GlobalSection(ExtensibilityGlobals) = postSolution
		SolutionGuid = {46899B0C-836D-44A7-A330-F7213131EBD8}
	EndGlobalSection
EndGlobal
